// !$*UTF8*$!
{
	archiveVersion = 1;
	classes = {
	};
	objectVersion = 46;
	objects = {

/* Begin PBXBuildFile section */
		DB64938919E72E3D0055B502 /* AppDelegate.swift in Sources */ = {isa = PBXBuildFile; fileRef = DB64938819E72E3D0055B502 /* AppDelegate.swift */; };
		DB64938B19E72E3D0055B502 /* ViewController.swift in Sources */ = {isa = PBXBuildFile; fileRef = DB64938A19E72E3D0055B502 /* ViewController.swift */; };
		DB64939019E72E3D0055B502 /* Images.xcassets in Resources */ = {isa = PBXBuildFile; fileRef = DB64938F19E72E3D0055B502 /* Images.xcassets */; };
		DB64939319E72E3D0055B502 /* LaunchScreen.xib in Resources */ = {isa = PBXBuildFile; fileRef = DB64939119E72E3D0055B502 /* LaunchScreen.xib */; };
		DB6493A919E72E4C0055B502 /* Main.storyboard in Resources */ = {isa = PBXBuildFile; fileRef = DB6493A819E72E4C0055B502 /* Main.storyboard */; };
		DB6493AB19E72E570055B502 /* OverrideRootViewController.swift in Sources */ = {isa = PBXBuildFile; fileRef = DB6493AA19E72E560055B502 /* OverrideRootViewController.swift */; };
/* End PBXBuildFile section */

/* Begin PBXFileReference section */
		DB64938319E72E3D0055B502 /* Overrides.app */ = {isa = PBXFileReference; explicitFileType = wrapper.application; includeInIndex = 0; path = Overrides.app; sourceTree = BUILT_PRODUCTS_DIR; };
		DB64938719E72E3D0055B502 /* Info.plist */ = {isa = PBXFileReference; lastKnownFileType = text.plist.xml; path = Info.plist; sourceTree = "<group>"; };
		DB64938819E72E3D0055B502 /* AppDelegate.swift */ = {isa = PBXFileReference; lastKnownFileType = sourcecode.swift; path = AppDelegate.swift; sourceTree = "<group>"; };
		DB64938A19E72E3D0055B502 /* ViewController.swift */ = {isa = PBXFileReference; lastKnownFileType = sourcecode.swift; path = ViewController.swift; sourceTree = "<group>"; };
		DB64938F19E72E3D0055B502 /* Images.xcassets */ = {isa = PBXFileReference; lastKnownFileType = folder.assetcatalog; path = Images.xcassets; sourceTree = "<group>"; };
		DB64939219E72E3D0055B502 /* Base */ = {isa = PBXFileReference; lastKnownFileType = file.xib; name = Base; path = Base.lproj/LaunchScreen.xib; sourceTree = "<group>"; };
		DB6493A819E72E4C0055B502 /* Main.storyboard */ = {isa = PBXFileReference; fileEncoding = 4; lastKnownFileType = file.storyboard; path = Main.storyboard; sourceTree = "<group>"; };
		DB6493AA19E72E560055B502 /* OverrideRootViewController.swift */ = {isa = PBXFileReference; fileEncoding = 4; lastKnownFileType = sourcecode.swift; path = OverrideRootViewController.swift; sourceTree = "<group>"; };
/* End PBXFileReference section */

/* Begin PBXFrameworksBuildPhase section */
		DB64938019E72E3D0055B502 /* Frameworks */ = {
			isa = PBXFrameworksBuildPhase;
			buildActionMask = 2147483647;
			files = (
			);
			runOnlyForDeploymentPostprocessing = 0;
		};
/* End PBXFrameworksBuildPhase section */

/* Begin PBXGroup section */
		DB64937A19E72E3D0055B502 = {
			isa = PBXGroup;
			children = (
				DB64938519E72E3D0055B502 /* Overrides */,
				DB64938419E72E3D0055B502 /* Products */,
			);
			sourceTree = "<group>";
		};
		DB64938419E72E3D0055B502 /* Products */ = {
			isa = PBXGroup;
			children = (
				DB64938319E72E3D0055B502 /* Overrides.app */,
			);
			name = Products;
			sourceTree = "<group>";
		};
		DB64938519E72E3D0055B502 /* Overrides */ = {
			isa = PBXGroup;
			children = (
				DB64938819E72E3D0055B502 /* AppDelegate.swift */,
				DB64938A19E72E3D0055B502 /* ViewController.swift */,
				DB6493AA19E72E560055B502 /* OverrideRootViewController.swift */,
				DB6493A819E72E4C0055B502 /* Main.storyboard */,
				DB64938F19E72E3D0055B502 /* Images.xcassets */,
				DB64939119E72E3D0055B502 /* LaunchScreen.xib */,
				DB64938619E72E3D0055B502 /* Supporting Files */,
			);
			path = Overrides;
			sourceTree = "<group>";
		};
		DB64938619E72E3D0055B502 /* Supporting Files */ = {
			isa = PBXGroup;
			children = (
				DB64938719E72E3D0055B502 /* Info.plist */,
			);
			name = "Supporting Files";
			sourceTree = "<group>";
		};
/* End PBXGroup section */

/* Begin PBXNativeTarget section */
		DB64938219E72E3D0055B502 /* Overrides */ = {
			isa = PBXNativeTarget;
			buildConfigurationList = DB6493A219E72E3D0055B502 /* Build configuration list for PBXNativeTarget "Overrides" */;
			buildPhases = (
				DB64937F19E72E3D0055B502 /* Sources */,
				DB64938019E72E3D0055B502 /* Frameworks */,
				DB64938119E72E3D0055B502 /* Resources */,
			);
			buildRules = (
			);
			dependencies = (
			);
			name = Overrides;
			productName = Overrides;
			productReference = DB64938319E72E3D0055B502 /* Overrides.app */;
			productType = "com.apple.product-type.application";
		};
/* End PBXNativeTarget section */

/* Begin PBXProject section */
		DB64937B19E72E3D0055B502 /* Project object */ = {
			isa = PBXProject;
			attributes = {
				LastSwiftMigration = 0720;
				LastSwiftUpdateCheck = 0720;
				LastUpgradeCheck = 0720;
				ORGANIZATIONNAME = "Big Nerd Ranch";
				TargetAttributes = {
					DB64938219E72E3D0055B502 = {
						CreatedOnToolsVersion = 6.1;
					};
				};
			};
			buildConfigurationList = DB64937E19E72E3D0055B502 /* Build configuration list for PBXProject "Overrides" */;
			compatibilityVersion = "Xcode 3.2";
			developmentRegion = English;
			hasScannedForEncodings = 0;
			knownRegions = (
				en,
				Base,
			);
			mainGroup = DB64937A19E72E3D0055B502;
			productRefGroup = DB64938419E72E3D0055B502 /* Products */;
			projectDirPath = "";
			projectRoot = "";
			targets = (
				DB64938219E72E3D0055B502 /* Overrides */,
			);
		};
/* End PBXProject section */

/* Begin PBXResourcesBuildPhase section */
		DB64938119E72E3D0055B502 /* Resources */ = {
			isa = PBXResourcesBuildPhase;
			buildActionMask = 2147483647;
			files = (
				DB6493A919E72E4C0055B502 /* Main.storyboard in Resources */,
				DB64939319E72E3D0055B502 /* LaunchScreen.xib in Resources */,
				DB64939019E72E3D0055B502 /* Images.xcassets in Resources */,
			);
			runOnlyForDeploymentPostprocessing = 0;
		};
/* End PBXResourcesBuildPhase section */

/* Begin PBXSourcesBuildPhase section */
		DB64937F19E72E3D0055B502 /* Sources */ = {
			isa = PBXSourcesBuildPhase;
			buildActionMask = 2147483647;
			files = (
				DB6493AB19E72E570055B502 /* OverrideRootViewController.swift in Sources */,
				DB64938B19E72E3D0055B502 /* ViewController.swift in Sources */,
				DB64938919E72E3D0055B502 /* AppDelegate.swift in Sources */,
			);
			runOnlyForDeploymentPostprocessing = 0;
		};
/* End PBXSourcesBuildPhase section */

/* Begin PBXVariantGroup section */
		DB64939119E72E3D0055B502 /* LaunchScreen.xib */ = {
			isa = PBXVariantGroup;
			children = (
				DB64939219E72E3D0055B502 /* Base */,
			);
			name = LaunchScreen.xib;
			sourceTree = "<group>";
		};
/* End PBXVariantGroup section */

/* Begin XCBuildConfiguration section */
		DB6493A019E72E3D0055B502 /* Debug */ = {
			isa = XCBuildConfiguration;
			buildSettings = {
				ALWAYS_SEARCH_USER_PATHS = NO;
				CLANG_CXX_LANGUAGE_STANDARD = "gnu++0x";
				CLANG_CXX_LIBRARY = "libc++";
				CLANG_ENABLE_MODULES = YES;
				CLANG_ENABLE_OBJC_ARC = YES;
				CLANG_WARN_BOOL_CONVERSION = YES;
				CLANG_WARN_CONSTANT_CONVERSION = YES;
				CLANG_WARN_DIRECT_OBJC_ISA_USAGE = YES_ERROR;
				CLANG_WARN_EMPTY_BODY = YES;
				CLANG_WARN_ENUM_CONVERSION = YES;
				CLANG_WARN_INT_CONVERSION = YES;
				CLANG_WARN_OBJC_ROOT_CLASS = YES_ERROR;
				CLANG_WARN_UNREACHABLE_CODE = YES;
				CLANG_WARN__DUPLICATE_METHOD_MATCH = YES;
				"CODE_SIGN_IDENTITY[sdk=iphoneos*]" = "iPhone Developer";
				COPY_PHASE_STRIP = NO;
				ENABLE_STRICT_OBJC_MSGSEND = YES;
				ENABLE_TESTABILITY = YES;
				GCC_C_LANGUAGE_STANDARD = gnu99;
				GCC_DYNAMIC_NO_PIC = NO;
				GCC_OPTIMIZATION_LEVEL = 0;
				GCC_PREPROCESSOR_DEFINITIONS = (
					"DEBUG=1",
					"$(inherited)",
				);
				GCC_SYMBOLS_PRIVATE_EXTERN = NO;
				GCC_WARN_64_TO_32_BIT_CONVERSION = YES;
				GCC_WARN_ABOUT_RETURN_TYPE = YES_ERROR;
				GCC_WARN_UNDECLARED_SELECTOR = YES;
				GCC_WARN_UNINITIALIZED_AUTOS = YES_AGGRESSIVE;
				GCC_WARN_UNUSED_FUNCTION = YES;
				GCC_WARN_UNUSED_VARIABLE = YES;
				IPHONEOS_DEPLOYMENT_TARGET = 8.1;
				MTL_ENABLE_DEBUG_INFO = YES;
				ONLY_ACTIVE_ARCH = YES;
				SDKROOT = iphoneos;
				SWIFT_OPTIMIZATION_LEVEL = "-Onone";
				TARGETED_DEVICE_FAMILY = "1,2";
			};
			name = Debug;
		};
		DB6493A119E72E3D0055B502 /* Release */ = {
			isa = XCBuildConfiguration;
			buildSettings = {
				ALWAYS_SEARCH_USER_PATHS = NO;
				CLANG_CXX_LANGUAGE_STANDARD = "gnu++0x";
				CLANG_CXX_LIBRARY = "libc++";
				CLANG_ENABLE_MODULES = YES;
				CLANG_ENABLE_OBJC_ARC = YES;
				CLANG_WARN_BOOL_CONVERSION = YES;
				CLANG_WARN_CONSTANT_CONVERSION = YES;
				CLANG_WARN_DIRECT_OBJC_ISA_USAGE = YES_ERROR;
				CLANG_WARN_EMPTY_BODY = YES;
				CLANG_WARN_ENUM_CONVERSION = YES;
				CLANG_WARN_INT_CONVERSION = YES;
				CLANG_WARN_OBJC_ROOT_CLASS = YES_ERROR;
				CLANG_WARN_UNREACHABLE_CODE = YES;
				CLANG_WARN__DUPLICATE_METHOD_MATCH = YES;
				"CODE_SIGN_IDENTITY[sdk=iphoneos*]" = "iPhone Developer";
				COPY_PHASE_STRIP = YES;
				ENABLE_NS_ASSERTIONS = NO;
				ENABLE_STRICT_OBJC_MSGSEND = YES;
				GCC_C_LANGUAGE_STANDARD = gnu99;
				GCC_WARN_64_TO_32_BIT_CONVERSION = YES;
				GCC_WARN_ABOUT_RETURN_TYPE = YES_ERROR;
				GCC_WARN_UNDECLARED_SELECTOR = YES;
				GCC_WARN_UNINITIALIZED_AUTOS = YES_AGGRESSIVE;
				GCC_WARN_UNUSED_FUNCTION = YES;
				GCC_WARN_UNUSED_VARIABLE = YES;
				IPHONEOS_DEPLOYMENT_TARGET = 8.1;
				MTL_ENABLE_DEBUG_INFO = NO;
				SDKROOT = iphoneos;
				TARGETED_DEVICE_FAMILY = "1,2";
				VALIDATE_PRODUCT = YES;
			};
			name = Release;
		};
		DB6493A319E72E3D0055B502 /* Debug */ = {
			isa = XCBuildConfiguration;
			buildSettings = {
				ASSETCATALOG_COMPILER_APPICON_NAME = AppIcon;
				INFOPLIST_FILE = Overrides/Info.plist;
				LD_RUNPATH_SEARCH_PATHS = "$(inherited) @executable_path/Frameworks";
				PRODUCT_BUNDLE_IDENTIFIER = "com.bignerdranch.$(PRODUCT_NAME:rfc1034identifier)";
				PRODUCT_NAME = "$(TARGET_NAME)";
			};
			name = Debug;
		};
		DB6493A419E72E3D0055B502 /* Release */ = {
			isa = XCBuildConfiguration;
			buildSettings = {
				ASSETCATALOG_COMPILER_APPICON_NAME = AppIcon;
				INFOPLIST_FILE = Overrides/Info.plist;
				LD_RUNPATH_SEARCH_PATHS = "$(inherited) @executable_path/Frameworks";
				PRODUCT_BUNDLE_IDENTIFIER = "com.bignerdranch.$(PRODUCT_NAME:rfc1034identifier)";
				PRODUCT_NAME = "$(TARGET_NAME)";
			};
			name = Release;
		};
/* End XCBuildConfiguration section */

/* Begin XCConfigurationList section */
		DB64937E19E72E3D0055B502 /* Build configuration list for PBXProject "Overrides" */ = {
			isa = XCConfigurationList;
			buildConfigurations = (
				DB6493A019E72E3D0055B502 /* Debug */,
				DB6493A119E72E3D0055B502 /* Release */,
			);
			defaultConfigurationIsVisible = 0;
			defaultConfigurationName = Release;
		};
		DB6493A219E72E3D0055B502 /* Build configuration list for PBXNativeTarget "Overrides" */ = {
			isa = XCConfigurationList;
			buildConfigurations = (
				DB6493A319E72E3D0055B502 /* Debug */,
				DB6493A419E72E3D0055B502 /* Release */,
			);
			defaultConfigurationIsVisible = 0;
			defaultConfigurationName = Release;
		};
/* End XCConfigurationList section */
	};
	rootObject = DB64937B19E72E3D0055B502 /* Project object */;
}
